
Microsoft Visual Studio Solution File, Format Version 12.00
# Visual Studio Version 17
VisualStudioVersion = 17.3.32929.385
MinimumVisualStudioVersion = 10.0.40219.1
Project("{FAE04EC0-301F-11D3-BF4B-00C04F79EFBC}") = "BasicCorePrograms", "BasicCorePrograms.csproj", "{A4057257-D007-4DA9-AFB2-F2C4F8CF4D6D}"
EndProject
Global
	GlobalSection(SolutionConfigurationPlatforms) = preSolution
		Debug|Any CPU = Debug|Any CPU
		Release|Any CPU = Release|Any CPU
	EndGlobalSection
	GlobalSection(ProjectConfigurationPlatforms) = postSolution
		{A4057257-D007-4DA9-AFB2-F2C4F8CF4D6D}.Debug|Any CPU.ActiveCfg = Debug|Any CPU
		{A4057257-D007-4DA9-AFB2-F2C4F8CF4D6D}.Debug|Any CPU.Build.0 = Debug|Any CPU
		{A4057257-D007-4DA9-AFB2-F2C4F8CF4D6D}.Release|Any CPU.ActiveCfg = Release|Any CPU
		{A4057257-D007-4DA9-AFB2-F2C4F8CF4D6D}.Release|Any CPU.Build.0 = Release|Any CPU
	EndGlobalSection
	GlobalSection(SolutionProperties) = preSolution
		HideSolutionNode = FALSE
	EndGlobalSection
	GlobalSection(ExtensibilityGlobals) = postSolution
		SolutionGuid = {97BAC31B-4250-4440-9221-59B7ACA102B7}
	EndGlobalSection
EndGlobal
